
Microsoft Visual Studio Solution File, Format Version 12.00
# Visual Studio 15
VisualStudioVersion = 15.0.28307.168
MinimumVisualStudioVersion = 10.0.40219.1
Project("{FAE04EC0-301F-11D3-BF4B-00C04F79EFBC}") = "Wif.Core", "Wif.Core\Wif.Core.csproj", "{5D4BB5FC-7A4F-47A4-B412-E70544F621DB}"
EndProject
Project("{FAE04EC0-301F-11D3-BF4B-00C04F79EFBC}") = "Wif.Infrastructure", "Wif.Infrastructure\Wif.Infrastructure.csproj", "{F13AB426-9BE1-4DE0-BC00-8A4211D37333}"
EndProject
Project("{FAE04EC0-301F-11D3-BF4B-00C04F79EFBC}") = "Wif.Utils", "Wif.Utils\Wif.Utils.csproj", "{0F11E648-32C4-4024-89A7-AB9B5556B787}"
EndProject
Project("{2150E333-8FDC-42A3-9474-1A3956D46DE8}") = "Docs", "Docs", "{3D304D8A-7D0E-499E-A355-597E184DE572}"
	ProjectSection(SolutionItems) = preProject
		..\README.md = ..\README.md
	EndProjectSection
EndProject
Project("{2150E333-8FDC-42A3-9474-1A3956D46DE8}") = "Demos", "Demos", "{AC606DC5-103B-474C-93C0-A29F1710BC67}"
EndProject
Project("{FAE04EC0-301F-11D3-BF4B-00C04F79EFBC}") = "Wif.Core.Demo", "Wif.Core.Demo\Wif.Core.Demo.csproj", "{5D7FEDAD-1138-4180-ABBF-C69980F3FB79}"
EndProject
Project("{FAE04EC0-301F-11D3-BF4B-00C04F79EFBC}") = "Wif.Infrastructure.Demo", "Wif.Infrastructure.Demo\Wif.Infrastructure.Demo.csproj", "{6AD888F3-F7B5-46F8-B957-7CAB8A21FA48}"
EndProject
Project("{FAE04EC0-301F-11D3-BF4B-00C04F79EFBC}") = "Wif.Utils.Demo", "Wif.Utils.Demo\Wif.Utils.Demo.csproj", "{D1B7899E-97B9-43CB-A973-CD0CCF03CF1F}"
EndProject
Project("{FAE04EC0-301F-11D3-BF4B-00C04F79EFBC}") = "Wif.Core.Demo.Common", "Wif.Core.Demo.Common\Wif.Core.Demo.Common.csproj", "{E4C8D5CA-11F4-42BB-BDF9-EF9206B88CD7}"
EndProject
Global
	GlobalSection(SolutionConfigurationPlatforms) = preSolution
		Debug|Any CPU = Debug|Any CPU
		Release|Any CPU = Release|Any CPU
	EndGlobalSection
	GlobalSection(ProjectConfigurationPlatforms) = postSolution
		{5D4BB5FC-7A4F-47A4-B412-E70544F621DB}.Debug|Any CPU.ActiveCfg = Debug|Any CPU
		{5D4BB5FC-7A4F-47A4-B412-E70544F621DB}.Debug|Any CPU.Build.0 = Debug|Any CPU
		{5D4BB5FC-7A4F-47A4-B412-E70544F621DB}.Release|Any CPU.ActiveCfg = Release|Any CPU
		{5D4BB5FC-7A4F-47A4-B412-E70544F621DB}.Release|Any CPU.Build.0 = Release|Any CPU
		{F13AB426-9BE1-4DE0-BC00-8A4211D37333}.Debug|Any CPU.ActiveCfg = Debug|Any CPU
		{F13AB426-9BE1-4DE0-BC00-8A4211D37333}.Debug|Any CPU.Build.0 = Debug|Any CPU
		{F13AB426-9BE1-4DE0-BC00-8A4211D37333}.Release|Any CPU.ActiveCfg = Release|Any CPU
		{F13AB426-9BE1-4DE0-BC00-8A4211D37333}.Release|Any CPU.Build.0 = Release|Any CPU
		{0F11E648-32C4-4024-89A7-AB9B5556B787}.Debug|Any CPU.ActiveCfg = Debug|Any CPU
		{0F11E648-32C4-4024-89A7-AB9B5556B787}.Debug|Any CPU.Build.0 = Debug|Any CPU
		{0F11E648-32C4-4024-89A7-AB9B5556B787}.Release|Any CPU.ActiveCfg = Release|Any CPU
		{0F11E648-32C4-4024-89A7-AB9B5556B787}.Release|Any CPU.Build.0 = Release|Any CPU
		{5D7FEDAD-1138-4180-ABBF-C69980F3FB79}.Debug|Any CPU.ActiveCfg = Debug|Any CPU
		{5D7FEDAD-1138-4180-ABBF-C69980F3FB79}.Debug|Any CPU.Build.0 = Debug|Any CPU
		{5D7FEDAD-1138-4180-ABBF-C69980F3FB79}.Release|Any CPU.ActiveCfg = Release|Any CPU
		{5D7FEDAD-1138-4180-ABBF-C69980F3FB79}.Release|Any CPU.Build.0 = Release|Any CPU
		{6AD888F3-F7B5-46F8-B957-7CAB8A21FA48}.Debug|Any CPU.ActiveCfg = Debug|Any CPU
		{6AD888F3-F7B5-46F8-B957-7CAB8A21FA48}.Debug|Any CPU.Build.0 = Debug|Any CPU
		{6AD888F3-F7B5-46F8-B957-7CAB8A21FA48}.Release|Any CPU.ActiveCfg = Release|Any CPU
		{6AD888F3-F7B5-46F8-B957-7CAB8A21FA48}.Release|Any CPU.Build.0 = Release|Any CPU
		{D1B7899E-97B9-43CB-A973-CD0CCF03CF1F}.Debug|Any CPU.ActiveCfg = Debug|Any CPU
		{D1B7899E-97B9-43CB-A973-CD0CCF03CF1F}.Debug|Any CPU.Build.0 = Debug|Any CPU
		{D1B7899E-97B9-43CB-A973-CD0CCF03CF1F}.Release|Any CPU.ActiveCfg = Release|Any CPU
		{D1B7899E-97B9-43CB-A973-CD0CCF03CF1F}.Release|Any CPU.Build.0 = Release|Any CPU
		{E4C8D5CA-11F4-42BB-BDF9-EF9206B88CD7}.Debug|Any CPU.ActiveCfg = Debug|Any CPU
		{E4C8D5CA-11F4-42BB-BDF9-EF9206B88CD7}.Debug|Any CPU.Build.0 = Debug|Any CPU
		{E4C8D5CA-11F4-42BB-BDF9-EF9206B88CD7}.Release|Any CPU.ActiveCfg = Release|Any CPU
		{E4C8D5CA-11F4-42BB-BDF9-EF9206B88CD7}.Release|Any CPU.Build.0 = Release|Any CPU
	EndGlobalSection
	GlobalSection(SolutionProperties) = preSolution
		HideSolutionNode = FALSE
	EndGlobalSection
	GlobalSection(NestedProjects) = preSolution
		{5D7FEDAD-1138-4180-ABBF-C69980F3FB79} = {AC606DC5-103B-474C-93C0-A29F1710BC67}
		{6AD888F3-F7B5-46F8-B957-7CAB8A21FA48} = {AC606DC5-103B-474C-93C0-A29F1710BC67}
		{D1B7899E-97B9-43CB-A973-CD0CCF03CF1F} = {AC606DC5-103B-474C-93C0-A29F1710BC67}
		{E4C8D5CA-11F4-42BB-BDF9-EF9206B88CD7} = {AC606DC5-103B-474C-93C0-A29F1710BC67}
	EndGlobalSection
	GlobalSection(ExtensibilityGlobals) = postSolution
		SolutionGuid = {F6A80D75-127C-4C04-B6D0-B8C54D3F57AB}
	EndGlobalSection
EndGlobal
